// !$*UTF8*$!
{
	archiveVersion = 1;
	classes = {
	};
	objectVersion = 77;
	objects = {

/* Begin PBXContainerItemProxy section */
		C5EEBBE22DA0785000D0E4F1 /* PBXContainerItemProxy */ = {
			isa = PBXContainerItemProxy;
			containerPortal = C5EEBBC92DA0784E00D0E4F1 /* Project object */;
			proxyType = 1;
			remoteGlobalIDString = C5EEBBD02DA0784E00D0E4F1;
			remoteInfo = dubdub.events;
		};
		C5EEBBEC2DA0785000D0E4F1 /* PBXContainerItemProxy */ = {
			isa = PBXContainerItemProxy;
			containerPortal = C5EEBBC92DA0784E00D0E4F1 /* Project object */;
			proxyType = 1;
			remoteGlobalIDString = C5EEBBD02DA0784E00D0E4F1;
			remoteInfo = dubdub.events;
		};
/* End PBXContainerItemProxy section */

/* Begin PBXFileReference section */
		C5EEBBD12DA0784E00D0E4F1 /* dubdub.events.app */ = {isa = PBXFileReference; explicitFileType = wrapper.application; includeInIndex = 0; path = dubdub.events.app; sourceTree = BUILT_PRODUCTS_DIR; };
		C5EEBBE12DA0785000D0E4F1 /* dubdub.eventsTests.xctest */ = {isa = PBXFileReference; explicitFileType = wrapper.cfbundle; includeInIndex = 0; path = dubdub.eventsTests.xctest; sourceTree = BUILT_PRODUCTS_DIR; };
		C5EEBBEB2DA0785000D0E4F1 /* dubdub.eventsUITests.xctest */ = {isa = PBXFileReference; explicitFileType = wrapper.cfbundle; includeInIndex = 0; path = dubdub.eventsUITests.xctest; sourceTree = BUILT_PRODUCTS_DIR; };
/* End PBXFileReference section */

/* Begin PBXFileSystemSynchronizedRootGroup section */
		C5EEBBD32DA0784E00D0E4F1 /* dubdub.events */ = {
			isa = PBXFileSystemSynchronizedRootGroup;
			path = dubdub.events;
			sourceTree = "<group>";
		};
		C5EEBBE42DA0785000D0E4F1 /* dubdub.eventsTests */ = {
			isa = PBXFileSystemSynchronizedRootGroup;
			path = dubdub.eventsTests;
			sourceTree = "<group>";
		};
		C5EEBBEE2DA0785000D0E4F1 /* dubdub.eventsUITests */ = {
			isa = PBXFileSystemSynchronizedRootGroup;
			path = dubdub.eventsUITests;
			sourceTree = "<group>";
		};
/* End PBXFileSystemSynchronizedRootGroup section */

/* Begin PBXFrameworksBuildPhase section */
		C5EEBBCE2DA0784E00D0E4F1 /* Frameworks */ = {
			isa = PBXFrameworksBuildPhase;
			buildActionMask = 2147483647;
			files = (
			);
			runOnlyForDeploymentPostprocessing = 0;
		};
		C5EEBBDE2DA0785000D0E4F1 /* Frameworks */ = {
			isa = PBXFrameworksBuildPhase;
			buildActionMask = 2147483647;
			files = (
			);
			runOnlyForDeploymentPostprocessing = 0;
		};
		C5EEBBE82DA0785000D0E4F1 /* Frameworks */ = {
			isa = PBXFrameworksBuildPhase;
			buildActionMask = 2147483647;
			files = (
			);
			runOnlyForDeploymentPostprocessing = 0;
		};
/* End PBXFrameworksBuildPhase section */

/* Begin PBXGroup section */
		C5EEBBC82DA0784E00D0E4F1 = {
			isa = PBXGroup;
			children = (
				C5EEBBD32DA0784E00D0E4F1 /* dubdub.events */,
				C5EEBBE42DA0785000D0E4F1 /* dubdub.eventsTests */,
				C5EEBBEE2DA0785000D0E4F1 /* dubdub.eventsUITests */,
				C5EEBBD22DA0784E00D0E4F1 /* Products */,
			);
			sourceTree = "<group>";
		};
		C5EEBBD22DA0784E00D0E4F1 /* Products */ = {
			isa = PBXGroup;
			children = (
				C5EEBBD12DA0784E00D0E4F1 /* dubdub.events.app */,
				C5EEBBE12DA0785000D0E4F1 /* dubdub.eventsTests.xctest */,
				C5EEBBEB2DA0785000D0E4F1 /* dubdub.eventsUITests.xctest */,
			);
			name = Products;
			sourceTree = "<group>";
		};
/* End PBXGroup section */

/* Begin PBXNativeTarget section */
		C5EEBBD02DA0784E00D0E4F1 /* dubdub.events */ = {
			isa = PBXNativeTarget;
			buildConfigurationList = C5EEBBF52DA0785000D0E4F1 /* Build configuration list for PBXNativeTarget "dubdub.events" */;
			buildPhases = (
				C5EEBBCD2DA0784E00D0E4F1 /* Sources */,
				C5EEBBCE2DA0784E00D0E4F1 /* Frameworks */,
				C5EEBBCF2DA0784E00D0E4F1 /* Resources */,
			);
			buildRules = (
			);
			dependencies = (
			);
			fileSystemSynchronizedGroups = (
				C5EEBBD32DA0784E00D0E4F1 /* dubdub.events */,
			);
			name = dubdub.events;
			packageProductDependencies = (
			);
			productName = dubdub.events;
			productReference = C5EEBBD12DA0784E00D0E4F1 /* dubdub.events.app */;
			productType = "com.apple.product-type.application";
		};
		C5EEBBE02DA0785000D0E4F1 /* dubdub.eventsTests */ = {
			isa = PBXNativeTarget;
			buildConfigurationList = C5EEBBF82DA0785000D0E4F1 /* Build configuration list for PBXNativeTarget "dubdub.eventsTests" */;
			buildPhases = (
				C5EEBBDD2DA0785000D0E4F1 /* Sources */,
				C5EEBBDE2DA0785000D0E4F1 /* Frameworks */,
				C5EEBBDF2DA0785000D0E4F1 /* Resources */,
			);
			buildRules = (
			);
			dependencies = (
				C5EEBBE32DA0785000D0E4F1 /* PBXTargetDependency */,
			);
			fileSystemSynchronizedGroups = (
				C5EEBBE42DA0785000D0E4F1 /* dubdub.eventsTests */,
			);
			name = dubdub.eventsTests;
			packageProductDependencies = (
			);
			productName = dubdub.eventsTests;
			productReference = C5EEBBE12DA0785000D0E4F1 /* dubdub.eventsTests.xctest */;
			productType = "com.apple.product-type.bundle.unit-test";
		};
		C5EEBBEA2DA0785000D0E4F1 /* dubdub.eventsUITests */ = {
			isa = PBXNativeTarget;
			buildConfigurationList = C5EEBBFB2DA0785000D0E4F1 /* Build configuration list for PBXNativeTarget "dubdub.eventsUITests" */;
			buildPhases = (
				C5EEBBE72DA0785000D0E4F1 /* Sources */,
				C5EEBBE82DA0785000D0E4F1 /* Frameworks */,
				C5EEBBE92DA0785000D0E4F1 /* Resources */,
			);
			buildRules = (
			);
			dependencies = (
				C5EEBBED2DA0785000D0E4F1 /* PBXTargetDependency */,
			);
			fileSystemSynchronizedGroups = (
				C5EEBBEE2DA0785000D0E4F1 /* dubdub.eventsUITests */,
			);
			name = dubdub.eventsUITests;
			packageProductDependencies = (
			);
			productName = dubdub.eventsUITests;
			productReference = C5EEBBEB2DA0785000D0E4F1 /* dubdub.eventsUITests.xctest */;
			productType = "com.apple.product-type.bundle.ui-testing";
		};
/* End PBXNativeTarget section */

/* Begin PBXProject section */
		C5EEBBC92DA0784E00D0E4F1 /* Project object */ = {
			isa = PBXProject;
			attributes = {
				BuildIndependentTargetsInParallel = 1;
				LastSwiftUpdateCheck = 1630;
				LastUpgradeCheck = 1630;
				TargetAttributes = {
					C5EEBBD02DA0784E00D0E4F1 = {
						CreatedOnToolsVersion = 16.3;
					};
					C5EEBBE02DA0785000D0E4F1 = {
						CreatedOnToolsVersion = 16.3;
						TestTargetID = C5EEBBD02DA0784E00D0E4F1;
					};
					C5EEBBEA2DA0785000D0E4F1 = {
						CreatedOnToolsVersion = 16.3;
						TestTargetID = C5EEBBD02DA0784E00D0E4F1;
					};
				};
			};
			buildConfigurationList = C5EEBBCC2DA0784E00D0E4F1 /* Build configuration list for PBXProject "dubdub.events" */;
			developmentRegion = en;
			hasScannedForEncodings = 0;
			knownRegions = (
				en,
				Base,
			);
			mainGroup = C5EEBBC82DA0784E00D0E4F1;
			minimizedProjectReferenceProxies = 1;
			preferredProjectObjectVersion = 77;
			productRefGroup = C5EEBBD22DA0784E00D0E4F1 /* Products */;
			projectDirPath = "";
			projectRoot = "";
			targets = (
				C5EEBBD02DA0784E00D0E4F1 /* dubdub.events */,
				C5EEBBE02DA0785000D0E4F1 /* dubdub.eventsTests */,
				C5EEBBEA2DA0785000D0E4F1 /* dubdub.eventsUITests */,
			);
		};
/* End PBXProject section */

/* Begin PBXResourcesBuildPhase section */
		C5EEBBCF2DA0784E00D0E4F1 /* Resources */ = {
			isa = PBXResourcesBuildPhase;
			buildActionMask = 2147483647;
			files = (
			);
			runOnlyForDeploymentPostprocessing = 0;
		};
		C5EEBBDF2DA0785000D0E4F1 /* Resources */ = {
			isa = PBXResourcesBuildPhase;
			buildActionMask = 2147483647;
			files = (
			);
			runOnlyForDeploymentPostprocessing = 0;
		};
		C5EEBBE92DA0785000D0E4F1 /* Resources */ = {
			isa = PBXResourcesBuildPhase;
			buildActionMask = 2147483647;
			files = (
			);
			runOnlyForDeploymentPostprocessing = 0;
		};
/* End PBXResourcesBuildPhase section */

/* Begin PBXSourcesBuildPhase section */
		C5EEBBCD2DA0784E00D0E4F1 /* Sources */ = {
			isa = PBXSourcesBuildPhase;
			buildActionMask = 2147483647;
			files = (
			);
			runOnlyForDeploymentPostprocessing = 0;
		};
		C5EEBBDD2DA0785000D0E4F1 /* Sources */ = {
			isa = PBXSourcesBuildPhase;
			buildActionMask = 2147483647;
			files = (
			);
			runOnlyForDeploymentPostprocessing = 0;
		};
		C5EEBBE72DA0785000D0E4F1 /* Sources */ = {
			isa = PBXSourcesBuildPhase;
			buildActionMask = 2147483647;
			files = (
			);
			runOnlyForDeploymentPostprocessing = 0;
		};
/* End PBXSourcesBuildPhase section */

/* Begin PBXTargetDependency section */
		C5EEBBE32DA0785000D0E4F1 /* PBXTargetDependency */ = {
			isa = PBXTargetDependency;
			target = C5EEBBD02DA0784E00D0E4F1 /* dubdub.events */;
			targetProxy = C5EEBBE22DA0785000D0E4F1 /* PBXContainerItemProxy */;
		};
		C5EEBBED2DA0785000D0E4F1 /* PBXTargetDependency */ = {
			isa = PBXTargetDependency;
			target = C5EEBBD02DA0784E00D0E4F1 /* dubdub.events */;
			targetProxy = C5EEBBEC2DA0785000D0E4F1 /* PBXContainerItemProxy */;
		};
/* End PBXTargetDependency section */

/* Begin XCBuildConfiguration section */
		C5EEBBF32DA0785000D0E4F1 /* Debug */ = {
			isa = XCBuildConfiguration;
			buildSettings = {
				ALWAYS_SEARCH_USER_PATHS = NO;
				ASSETCATALOG_COMPILER_GENERATE_SWIFT_ASSET_SYMBOL_EXTENSIONS = YES;
				CLANG_ANALYZER_NONNULL = YES;
				CLANG_ANALYZER_NUMBER_OBJECT_CONVERSION = YES_AGGRESSIVE;
				CLANG_CXX_LANGUAGE_STANDARD = "gnu++20";
				CLANG_ENABLE_MODULES = YES;
				CLANG_ENABLE_OBJC_ARC = YES;
				CLANG_ENABLE_OBJC_WEAK = YES;
				CLANG_WARN_BLOCK_CAPTURE_AUTORELEASING = YES;
				CLANG_WARN_BOOL_CONVERSION = YES;
				CLANG_WARN_COMMA = YES;
				CLANG_WARN_CONSTANT_CONVERSION = YES;
				CLANG_WARN_DEPRECATED_OBJC_IMPLEMENTATIONS = YES;
				CLANG_WARN_DIRECT_OBJC_ISA_USAGE = YES_ERROR;
				CLANG_WARN_DOCUMENTATION_COMMENTS = YES;
				CLANG_WARN_EMPTY_BODY = YES;
				CLANG_WARN_ENUM_CONVERSION = YES;
				CLANG_WARN_INFINITE_RECURSION = YES;
				CLANG_WARN_INT_CONVERSION = YES;
				CLANG_WARN_NON_LITERAL_NULL_CONVERSION = YES;
				CLANG_WARN_OBJC_IMPLICIT_RETAIN_SELF = YES;
				CLANG_WARN_OBJC_LITERAL_CONVERSION = YES;
				CLANG_WARN_OBJC_ROOT_CLASS = YES_ERROR;
				CLANG_WARN_QUOTED_INCLUDE_IN_FRAMEWORK_HEADER = YES;
				CLANG_WARN_RANGE_LOOP_ANALYSIS = YES;
				CLANG_WARN_STRICT_PROTOTYPES = YES;
				CLANG_WARN_SUSPICIOUS_MOVE = YES;
				CLANG_WARN_UNGUARDED_AVAILABILITY = YES_AGGRESSIVE;
				CLANG_WARN_UNREACHABLE_CODE = YES;
				CLANG_WARN__DUPLICATE_METHOD_MATCH = YES;
				COPY_PHASE_STRIP = NO;
				DEBUG_INFORMATION_FORMAT = dwarf;
				DEVELOPMENT_TEAM = G8N3C7LWCX;
				ENABLE_STRICT_OBJC_MSGSEND = YES;
				ENABLE_TESTABILITY = YES;
				ENABLE_USER_SCRIPT_SANDBOXING = YES;
				GCC_C_LANGUAGE_STANDARD = gnu17;
				GCC_DYNAMIC_NO_PIC = NO;
				GCC_NO_COMMON_BLOCKS = YES;
				GCC_OPTIMIZATION_LEVEL = 0;
				GCC_PREPROCESSOR_DEFINITIONS = (
					"DEBUG=1",
					"$(inherited)",
				);
				GCC_WARN_64_TO_32_BIT_CONVERSION = YES;
				GCC_WARN_ABOUT_RETURN_TYPE = YES_ERROR;
				GCC_WARN_UNDECLARED_SELECTOR = YES;
				GCC_WARN_UNINITIALIZED_AUTOS = YES_AGGRESSIVE;
				GCC_WARN_UNUSED_FUNCTION = YES;
				GCC_WARN_UNUSED_VARIABLE = YES;
				LOCALIZATION_PREFERS_STRING_CATALOGS = YES;
				MACOSX_DEPLOYMENT_TARGET = 15.2;
				MTL_ENABLE_DEBUG_INFO = INCLUDE_SOURCE;
				MTL_FAST_MATH = YES;
				ONLY_ACTIVE_ARCH = YES;
				SDKROOT = macosx;
				SWIFT_ACTIVE_COMPILATION_CONDITIONS = "DEBUG $(inherited)";
				SWIFT_OPTIMIZATION_LEVEL = "-Onone";
			};
			name = Debug;
		};
		C5EEBBF42DA0785000D0E4F1 /* Release */ = {
			isa = XCBuildConfiguration;
			buildSettings = {
				ALWAYS_SEARCH_USER_PATHS = NO;
				ASSETCATALOG_COMPILER_GENERATE_SWIFT_ASSET_SYMBOL_EXTENSIONS = YES;
				CLANG_ANALYZER_NONNULL = YES;
				CLANG_ANALYZER_NUMBER_OBJECT_CONVERSION = YES_AGGRESSIVE;
				CLANG_CXX_LANGUAGE_STANDARD = "gnu++20";
				CLANG_ENABLE_MODULES = YES;
				CLANG_ENABLE_OBJC_ARC = YES;
				CLANG_ENABLE_OBJC_WEAK = YES;
				CLANG_WARN_BLOCK_CAPTURE_AUTORELEASING = YES;
				CLANG_WARN_BOOL_CONVERSION = YES;
				CLANG_WARN_COMMA = YES;
				CLANG_WARN_CONSTANT_CONVERSION = YES;
				CLANG_WARN_DEPRECATED_OBJC_IMPLEMENTATIONS = YES;
				CLANG_WARN_DIRECT_OBJC_ISA_USAGE = YES_ERROR;
				CLANG_WARN_DOCUMENTATION_COMMENTS = YES;
				CLANG_WARN_EMPTY_BODY = YES;
				CLANG_WARN_ENUM_CONVERSION = YES;
				CLANG_WARN_INFINITE_RECURSION = YES;
				CLANG_WARN_INT_CONVERSION = YES;
				CLANG_WARN_NON_LITERAL_NULL_CONVERSION = YES;
				CLANG_WARN_OBJC_IMPLICIT_RETAIN_SELF = YES;
				CLANG_WARN_OBJC_LITERAL_CONVERSION = YES;
				CLANG_WARN_OBJC_ROOT_CLASS = YES_ERROR;
				CLANG_WARN_QUOTED_INCLUDE_IN_FRAMEWORK_HEADER = YES;
				CLANG_WARN_RANGE_LOOP_ANALYSIS = YES;
				CLANG_WARN_STRICT_PROTOTYPES = YES;
				CLANG_WARN_SUSPICIOUS_MOVE = YES;
				CLANG_WARN_UNGUARDED_AVAILABILITY = YES_AGGRESSIVE;
				CLANG_WARN_UNREACHABLE_CODE = YES;
				CLANG_WARN__DUPLICATE_METHOD_MATCH = YES;
				COPY_PHASE_STRIP = NO;
				DEBUG_INFORMATION_FORMAT = "dwarf-with-dsym";
				DEVELOPMENT_TEAM = G8N3C7LWCX;
				ENABLE_NS_ASSERTIONS = NO;
				ENABLE_STRICT_OBJC_MSGSEND = YES;
				ENABLE_USER_SCRIPT_SANDBOXING = YES;
				GCC_C_LANGUAGE_STANDARD = gnu17;
				GCC_NO_COMMON_BLOCKS = YES;
				GCC_WARN_64_TO_32_BIT_CONVERSION = YES;
				GCC_WARN_ABOUT_RETURN_TYPE = YES_ERROR;
				GCC_WARN_UNDECLARED_SELECTOR = YES;
				GCC_WARN_UNINITIALIZED_AUTOS = YES_AGGRESSIVE;
				GCC_WARN_UNUSED_FUNCTION = YES;
				GCC_WARN_UNUSED_VARIABLE = YES;
				LOCALIZATION_PREFERS_STRING_CATALOGS = YES;
				MACOSX_DEPLOYMENT_TARGET = 15.2;
				MTL_ENABLE_DEBUG_INFO = NO;
				MTL_FAST_MATH = YES;
				SDKROOT = macosx;
				SWIFT_COMPILATION_MODE = wholemodule;
			};
			name = Release;
		};
		C5EEBBF62DA0785000D0E4F1 /* Debug */ = {
			isa = XCBuildConfiguration;
			buildSettings = {
				ASSETCATALOG_COMPILER_APPICON_NAME = AppIcon;
				ASSETCATALOG_COMPILER_GLOBAL_ACCENT_COLOR_NAME = AccentColor;
				CODE_SIGN_ENTITLEMENTS = dubdub.events/dubdub_events.entitlements;
				CODE_SIGN_STYLE = Automatic;
				COMBINE_HIDPI_IMAGES = YES;
				CURRENT_PROJECT_VERSION = 1;
				DEVELOPMENT_TEAM = G8N3C7LWCX;
				ENABLE_HARDENED_RUNTIME = YES;
				ENABLE_PREVIEWS = YES;
				GENERATE_INFOPLIST_FILE = YES;
				INFOPLIST_KEY_NSHumanReadableCopyright = "";
				LD_RUNPATH_SEARCH_PATHS = (
					"$(inherited)",
					"@executable_path/../Frameworks",
				);
				MACOSX_DEPLOYMENT_TARGET = 14.0;
				MARKETING_VERSION = 1.0;
				PRODUCT_BUNDLE_IDENTIFIER = "co.bitsncoffee.dubdub-events";
				PRODUCT_NAME = "$(TARGET_NAME)";
				REGISTER_APP_GROUPS = YES;
				SWIFT_EMIT_LOC_STRINGS = YES;
				SWIFT_VERSION = 5.0;
			};
			name = Debug;
		};
		C5EEBBF72DA0785000D0E4F1 /* Release */ = {
			isa = XCBuildConfiguration;
			buildSettings = {
				ASSETCATALOG_COMPILER_APPICON_NAME = AppIcon;
				ASSETCATALOG_COMPILER_GLOBAL_ACCENT_COLOR_NAME = AccentColor;
				CODE_SIGN_ENTITLEMENTS = dubdub.events/dubdub_events.entitlements;
				CODE_SIGN_STYLE = Automatic;
				COMBINE_HIDPI_IMAGES = YES;
				CURRENT_PROJECT_VERSION = 1;
				DEVELOPMENT_TEAM = G8N3C7LWCX;
				ENABLE_HARDENED_RUNTIME = YES;
				ENABLE_PREVIEWS = YES;
				GENERATE_INFOPLIST_FILE = YES;
				INFOPLIST_KEY_NSHumanReadableCopyright = "";
				LD_RUNPATH_SEARCH_PATHS = (
					"$(inherited)",
					"@executable_path/../Frameworks",
				);
				MACOSX_DEPLOYMENT_TARGET = 14.0;
				MARKETING_VERSION = 1.0;
				PRODUCT_BUNDLE_IDENTIFIER = "co.bitsncoffee.dubdub-events";
				PRODUCT_NAME = "$(TARGET_NAME)";
				REGISTER_APP_GROUPS = YES;
				SWIFT_EMIT_LOC_STRINGS = YES;
				SWIFT_VERSION = 5.0;
			};
			name = Release;
		};
		C5EEBBF92DA0785000D0E4F1 /* Debug */ = {
			isa = XCBuildConfiguration;
			buildSettings = {
				BUNDLE_LOADER = "$(TEST_HOST)";
				CODE_SIGN_STYLE = Automatic;
				CURRENT_PROJECT_VERSION = 1;
				DEVELOPMENT_TEAM = G8N3C7LWCX;
				GENERATE_INFOPLIST_FILE = YES;
				MACOSX_DEPLOYMENT_TARGET = 14.0;
				MARKETING_VERSION = 1.0;
				PRODUCT_BUNDLE_IDENTIFIER = "co.bitsncoffee.dubdub-eventsTests";
				PRODUCT_NAME = "$(TARGET_NAME)";
				SWIFT_EMIT_LOC_STRINGS = NO;
				SWIFT_VERSION = 5.0;
				TEST_HOST = "$(BUILT_PRODUCTS_DIR)/dubdub.events.app/$(BUNDLE_EXECUTABLE_FOLDER_PATH)/dubdub.events";
			};
			name = Debug;
		};
		C5EEBBFA2DA0785000D0E4F1 /* Release */ = {
			isa = XCBuildConfiguration;
			buildSettings = {
				BUNDLE_LOADER = "$(TEST_HOST)";
				CODE_SIGN_STYLE = Automatic;
				CURRENT_PROJECT_VERSION = 1;
				DEVELOPMENT_TEAM = G8N3C7LWCX;
				GENERATE_INFOPLIST_FILE = YES;
				MACOSX_DEPLOYMENT_TARGET = 14.0;
				MARKETING_VERSION = 1.0;
				PRODUCT_BUNDLE_IDENTIFIER = "co.bitsncoffee.dubdub-eventsTests";
				PRODUCT_NAME = "$(TARGET_NAME)";
				SWIFT_EMIT_LOC_STRINGS = NO;
				SWIFT_VERSION = 5.0;
				TEST_HOST = "$(BUILT_PRODUCTS_DIR)/dubdub.events.app/$(BUNDLE_EXECUTABLE_FOLDER_PATH)/dubdub.events";
			};
			name = Release;
		};
		C5EEBBFC2DA0785000D0E4F1 /* Debug */ = {
			isa = XCBuildConfiguration;
			buildSettings = {
				CODE_SIGN_STYLE = Automatic;
				CURRENT_PROJECT_VERSION = 1;
				DEVELOPMENT_TEAM = G8N3C7LWCX;
				GENERATE_INFOPLIST_FILE = YES;
				MARKETING_VERSION = 1.0;
				PRODUCT_BUNDLE_IDENTIFIER = "co.bitsncoffee.dubdub-eventsUITests";
				PRODUCT_NAME = "$(TARGET_NAME)";
				SWIFT_EMIT_LOC_STRINGS = NO;
				SWIFT_VERSION = 5.0;
				TEST_TARGET_NAME = dubdub.events;
			};
			name = Debug;
		};
		C5EEBBFD2DA0785000D0E4F1 /* Release */ = {
			isa = XCBuildConfiguration;
			buildSettings = {
				CODE_SIGN_STYLE = Automatic;
				CURRENT_PROJECT_VERSION = 1;
				DEVELOPMENT_TEAM = G8N3C7LWCX;
				GENERATE_INFOPLIST_FILE = YES;
				MARKETING_VERSION = 1.0;
				PRODUCT_BUNDLE_IDENTIFIER = "co.bitsncoffee.dubdub-eventsUITests";
				PRODUCT_NAME = "$(TARGET_NAME)";
				SWIFT_EMIT_LOC_STRINGS = NO;
				SWIFT_VERSION = 5.0;
				TEST_TARGET_NAME = dubdub.events;
			};
			name = Release;
		};
/* End XCBuildConfiguration section */

/* Begin XCConfigurationList section */
		C5EEBBCC2DA0784E00D0E4F1 /* Build configuration list for PBXProject "dubdub.events" */ = {
			isa = XCConfigurationList;
			buildConfigurations = (
				C5EEBBF32DA0785000D0E4F1 /* Debug */,
				C5EEBBF42DA0785000D0E4F1 /* Release */,
			);
			defaultConfigurationIsVisible = 0;
			defaultConfigurationName = Release;
		};
		C5EEBBF52DA0785000D0E4F1 /* Build configuration list for PBXNativeTarget "dubdub.events" */ = {
			isa = XCConfigurationList;
			buildConfigurations = (
				C5EEBBF62DA0785000D0E4F1 /* Debug */,
				C5EEBBF72DA0785000D0E4F1 /* Release */,
			);
			defaultConfigurationIsVisible = 0;
			defaultConfigurationName = Release;
		};
		C5EEBBF82DA0785000D0E4F1 /* Build configuration list for PBXNativeTarget "dubdub.eventsTests" */ = {
			isa = XCConfigurationList;
			buildConfigurations = (
				C5EEBBF92DA0785000D0E4F1 /* Debug */,
				C5EEBBFA2DA0785000D0E4F1 /* Release */,
			);
			defaultConfigurationIsVisible = 0;
			defaultConfigurationName = Release;
		};
		C5EEBBFB2DA0785000D0E4F1 /* Build configuration list for PBXNativeTarget "dubdub.eventsUITests" */ = {
			isa = XCConfigurationList;
			buildConfigurations = (
				C5EEBBFC2DA0785000D0E4F1 /* Debug */,
				C5EEBBFD2DA0785000D0E4F1 /* Release */,
			);
			defaultConfigurationIsVisible = 0;
			defaultConfigurationName = Release;
		};
/* End XCConfigurationList section */
	};
	rootObject = C5EEBBC92DA0784E00D0E4F1 /* Project object */;
}
